
Microsoft Visual Studio Solution File, Format Version 12.00
# Visual Studio 2013
VisualStudioVersion = 12.0.0.0
MinimumVisualStudioVersion = 10.0.0.1
Project("{FAE04EC0-301F-11D3-BF4B-00C04F79EFBC}") = "AlternateVoice.Server.Wrapper", "AlternateVoice.Server.Wrapper\AlternateVoice.Server.Wrapper.csproj", "{3523B5C4-FF62-4D7C-8319-BB7FBECF8F51}"
EndProject
Project("{FAE04EC0-301F-11D3-BF4B-00C04F79EFBC}") = "AlternateVoice.Server.GTMP", "AlternateVoice.Server.GTMP\AlternateVoice.Server.GTMP.csproj", "{7362E09D-6D62-493B-86FF-00544D5967F8}"
EndProject
Project("{FAE04EC0-301F-11D3-BF4B-00C04F79EFBC}") = "AlternateLife.Server.Dummy", "AlternateLife.Server.Dummy\AlternateLife.Server.Dummy.csproj", "{3195371E-03B7-4CDF-A587-2B9BE98940E5}"
EndProject
Global
	GlobalSection(SolutionConfigurationPlatforms) = preSolution
		Debug|Any CPU = Debug|Any CPU
		Release|Any CPU = Release|Any CPU
	EndGlobalSection
	GlobalSection(ProjectConfigurationPlatforms) = postSolution
		{3523B5C4-FF62-4D7C-8319-BB7FBECF8F51}.Debug|Any CPU.ActiveCfg = Debug|Any CPU
		{3523B5C4-FF62-4D7C-8319-BB7FBECF8F51}.Debug|Any CPU.Build.0 = Debug|Any CPU
		{3523B5C4-FF62-4D7C-8319-BB7FBECF8F51}.Release|Any CPU.ActiveCfg = Release|Any CPU
		{3523B5C4-FF62-4D7C-8319-BB7FBECF8F51}.Release|Any CPU.Build.0 = Release|Any CPU
		{7362E09D-6D62-493B-86FF-00544D5967F8}.Debug|Any CPU.ActiveCfg = Debug|Any CPU
		{7362E09D-6D62-493B-86FF-00544D5967F8}.Debug|Any CPU.Build.0 = Debug|Any CPU
		{7362E09D-6D62-493B-86FF-00544D5967F8}.Release|Any CPU.ActiveCfg = Release|Any CPU
		{7362E09D-6D62-493B-86FF-00544D5967F8}.Release|Any CPU.Build.0 = Release|Any CPU
		{3195371E-03B7-4CDF-A587-2B9BE98940E5}.Debug|Any CPU.ActiveCfg = Debug|Any CPU
		{3195371E-03B7-4CDF-A587-2B9BE98940E5}.Debug|Any CPU.Build.0 = Debug|Any CPU
		{3195371E-03B7-4CDF-A587-2B9BE98940E5}.Release|Any CPU.ActiveCfg = Release|Any CPU
		{3195371E-03B7-4CDF-A587-2B9BE98940E5}.Release|Any CPU.Build.0 = Release|Any CPU
	EndGlobalSection
	GlobalSection(SolutionProperties) = preSolution
		HideSolutionNode = FALSE
	EndGlobalSection
	GlobalSection(NestedProjects) = preSolution
	EndGlobalSection
EndGlobal
